
Microsoft Visual Studio Solution File, Format Version 12.00
# Visual Studio Version 17
VisualStudioVersion = 17.7.34031.279
MinimumVisualStudioVersion = 10.0.40219.1
Project("{FAE04EC0-301F-11D3-BF4B-00C04F79EFBC}") = "BaiTap", "BaiTap.csproj", "{5711A9B9-A78E-4283-B25F-D3CE39843210}"
EndProject
Global
	GlobalSection(SolutionConfigurationPlatforms) = preSolution
		Debug|Any CPU = Debug|Any CPU
		Release|Any CPU = Release|Any CPU
	EndGlobalSection
	GlobalSection(ProjectConfigurationPlatforms) = postSolution
		{5711A9B9-A78E-4283-B25F-D3CE39843210}.Debug|Any CPU.ActiveCfg = Debug|Any CPU
		{5711A9B9-A78E-4283-B25F-D3CE39843210}.Debug|Any CPU.Build.0 = Debug|Any CPU
		{5711A9B9-A78E-4283-B25F-D3CE39843210}.Release|Any CPU.ActiveCfg = Release|Any CPU
		{5711A9B9-A78E-4283-B25F-D3CE39843210}.Release|Any CPU.Build.0 = Release|Any CPU
	EndGlobalSection
	GlobalSection(SolutionProperties) = preSolution
		HideSolutionNode = FALSE
	EndGlobalSection
	GlobalSection(ExtensibilityGlobals) = postSolution
		SolutionGuid = {42C804BB-A299-4037-AE5D-FD00700A4D54}
	EndGlobalSection
EndGlobal
